// !$*UTF8*$!
{
	archiveVersion = 1;
	classes = {
	};
	objectVersion = 55;
	objects = {

/* Begin PBXBuildFile section */
		163F3493281FBE3B00AE2125 /* GoogleMapDemoApp.swift in Sources */ = {isa = PBXBuildFile; fileRef = 163F3492281FBE3B00AE2125 /* GoogleMapDemoApp.swift */; };
		163F3495281FBE3B00AE2125 /* ContentView.swift in Sources */ = {isa = PBXBuildFile; fileRef = 163F3494281FBE3B00AE2125 /* ContentView.swift */; };
		163F3497281FBE3D00AE2125 /* Assets.xcassets in Resources */ = {isa = PBXBuildFile; fileRef = 163F3496281FBE3D00AE2125 /* Assets.xcassets */; };
		163F349A281FBE3D00AE2125 /* Preview Assets.xcassets in Resources */ = {isa = PBXBuildFile; fileRef = 163F3499281FBE3D00AE2125 /* Preview Assets.xcassets */; };
		16B60C6C28212B4C00E4048F /* Environment.swift in Sources */ = {isa = PBXBuildFile; fileRef = 16B60C6B28212B4C00E4048F /* Environment.swift */; };
		16FEFFEB281FCB0600B26837 /* AppDelegate.swift in Sources */ = {isa = PBXBuildFile; fileRef = 16FEFFEA281FCB0600B26837 /* AppDelegate.swift */; };
		16FEFFED281FD19700B26837 /* MapView.swift in Sources */ = {isa = PBXBuildFile; fileRef = 16FEFFEC281FD19700B26837 /* MapView.swift */; };
		5905D32076F1AE930DCD8A06 /* Pods_GoogleMapDemo.framework in Frameworks */ = {isa = PBXBuildFile; fileRef = 4C86D9F31ED24C974C803D90 /* Pods_GoogleMapDemo.framework */; };
/* End PBXBuildFile section */

/* Begin PBXFileReference section */
		163F348F281FBE3B00AE2125 /* GoogleMapDemo.app */ = {isa = PBXFileReference; explicitFileType = wrapper.application; includeInIndex = 0; path = GoogleMapDemo.app; sourceTree = BUILT_PRODUCTS_DIR; };
		163F3492281FBE3B00AE2125 /* GoogleMapDemoApp.swift */ = {isa = PBXFileReference; lastKnownFileType = sourcecode.swift; path = GoogleMapDemoApp.swift; sourceTree = "<group>"; };
		163F3494281FBE3B00AE2125 /* ContentView.swift */ = {isa = PBXFileReference; lastKnownFileType = sourcecode.swift; path = ContentView.swift; sourceTree = "<group>"; };
		163F3496281FBE3D00AE2125 /* Assets.xcassets */ = {isa = PBXFileReference; lastKnownFileType = folder.assetcatalog; path = Assets.xcassets; sourceTree = "<group>"; };
		163F3499281FBE3D00AE2125 /* Preview Assets.xcassets */ = {isa = PBXFileReference; lastKnownFileType = folder.assetcatalog; path = "Preview Assets.xcassets"; sourceTree = "<group>"; };
		16B60C6B28212B4C00E4048F /* Environment.swift */ = {isa = PBXFileReference; fileEncoding = 4; lastKnownFileType = sourcecode.swift; path = Environment.swift; sourceTree = "<group>"; };
		16FEFFEA281FCB0600B26837 /* AppDelegate.swift */ = {isa = PBXFileReference; lastKnownFileType = sourcecode.swift; path = AppDelegate.swift; sourceTree = "<group>"; };
		16FEFFEC281FD19700B26837 /* MapView.swift */ = {isa = PBXFileReference; lastKnownFileType = sourcecode.swift; path = MapView.swift; sourceTree = "<group>"; };
		443089C7AE788AF4CD561650 /* Pods-GoogleMapDemo.release.xcconfig */ = {isa = PBXFileReference; includeInIndex = 1; lastKnownFileType = text.xcconfig; name = "Pods-GoogleMapDemo.release.xcconfig"; path = "Target Support Files/Pods-GoogleMapDemo/Pods-GoogleMapDemo.release.xcconfig"; sourceTree = "<group>"; };
		4C86D9F31ED24C974C803D90 /* Pods_GoogleMapDemo.framework */ = {isa = PBXFileReference; explicitFileType = wrapper.framework; includeInIndex = 0; path = Pods_GoogleMapDemo.framework; sourceTree = BUILT_PRODUCTS_DIR; };
		992EE424AFDAA72AFCAA6D8D /* Pods-GoogleMapDemo.debug.xcconfig */ = {isa = PBXFileReference; includeInIndex = 1; lastKnownFileType = text.xcconfig; name = "Pods-GoogleMapDemo.debug.xcconfig"; path = "Target Support Files/Pods-GoogleMapDemo/Pods-GoogleMapDemo.debug.xcconfig"; sourceTree = "<group>"; };
/* End PBXFileReference section */

/* Begin PBXFrameworksBuildPhase section */
		163F348C281FBE3B00AE2125 /* Frameworks */ = {
			isa = PBXFrameworksBuildPhase;
			buildActionMask = 2147483647;
			files = (
				5905D32076F1AE930DCD8A06 /* Pods_GoogleMapDemo.framework in Frameworks */,
			);
			runOnlyForDeploymentPostprocessing = 0;
		};
/* End PBXFrameworksBuildPhase section */

/* Begin PBXGroup section */
		163F3486281FBE3B00AE2125 = {
			isa = PBXGroup;
			children = (
				61795914B49D829933C4A7AD /* Frameworks */,
				163F3491281FBE3B00AE2125 /* GoogleMapDemo */,
				C09ED14A8289A65B2D01C619 /* Pods */,
				163F3490281FBE3B00AE2125 /* Products */,
			);
			sourceTree = "<group>";
		};
		163F3490281FBE3B00AE2125 /* Products */ = {
			isa = PBXGroup;
			children = (
				163F348F281FBE3B00AE2125 /* GoogleMapDemo.app */,
			);
			name = Products;
			sourceTree = "<group>";
		};
		163F3491281FBE3B00AE2125 /* GoogleMapDemo */ = {
			isa = PBXGroup;
			children = (
				16FEFFEA281FCB0600B26837 /* AppDelegate.swift */,
				163F3496281FBE3D00AE2125 /* Assets.xcassets */,
				163F3494281FBE3B00AE2125 /* ContentView.swift */,
				16B60C6B28212B4C00E4048F /* Environment.swift */,
				163F3492281FBE3B00AE2125 /* GoogleMapDemoApp.swift */,
				16FEFFEC281FD19700B26837 /* MapView.swift */,
				163F3498281FBE3D00AE2125 /* Preview Content */,
			);
			path = GoogleMapDemo;
			sourceTree = "<group>";
		};
		163F3498281FBE3D00AE2125 /* Preview Content */ = {
			isa = PBXGroup;
			children = (
				163F3499281FBE3D00AE2125 /* Preview Assets.xcassets */,
			);
			path = "Preview Content";
			sourceTree = "<group>";
		};
		61795914B49D829933C4A7AD /* Frameworks */ = {
			isa = PBXGroup;
			children = (
				4C86D9F31ED24C974C803D90 /* Pods_GoogleMapDemo.framework */,
			);
			name = Frameworks;
			sourceTree = "<group>";
		};
		C09ED14A8289A65B2D01C619 /* Pods */ = {
			isa = PBXGroup;
			children = (
				992EE424AFDAA72AFCAA6D8D /* Pods-GoogleMapDemo.debug.xcconfig */,
				443089C7AE788AF4CD561650 /* Pods-GoogleMapDemo.release.xcconfig */,
			);
			path = Pods;
			sourceTree = "<group>";
		};
/* End PBXGroup section */

/* Begin PBXNativeTarget section */
		163F348E281FBE3B00AE2125 /* GoogleMapDemo */ = {
			isa = PBXNativeTarget;
			buildConfigurationList = 163F349D281FBE3D00AE2125 /* Build configuration list for PBXNativeTarget "GoogleMapDemo" */;
			buildPhases = (
				162ED450282129AA0091AA10 /* ShellScript */,
				8300C8FC5393017D9A4DB8B8 /* [CP] Check Pods Manifest.lock */,
				163F348B281FBE3B00AE2125 /* Sources */,
				163F348C281FBE3B00AE2125 /* Frameworks */,
				163F348D281FBE3B00AE2125 /* Resources */,
				B964ECE809FFC7650A188424 /* [CP] Copy Pods Resources */,
			);
			buildRules = (
			);
			dependencies = (
			);
			name = GoogleMapDemo;
			productName = GoogleMapDemo;
			productReference = 163F348F281FBE3B00AE2125 /* GoogleMapDemo.app */;
			productType = "com.apple.product-type.application";
		};
/* End PBXNativeTarget section */

/* Begin PBXProject section */
		163F3487281FBE3B00AE2125 /* Project object */ = {
			isa = PBXProject;
			attributes = {
				BuildIndependentTargetsInParallel = 1;
				LastSwiftUpdateCheck = 1310;
				LastUpgradeCheck = 1310;
				TargetAttributes = {
					163F348E281FBE3B00AE2125 = {
						CreatedOnToolsVersion = 13.1;
					};
				};
			};
			buildConfigurationList = 163F348A281FBE3B00AE2125 /* Build configuration list for PBXProject "GoogleMapDemo" */;
			compatibilityVersion = "Xcode 13.0";
			developmentRegion = en;
			hasScannedForEncodings = 0;
			knownRegions = (
				en,
				Base,
			);
			mainGroup = 163F3486281FBE3B00AE2125;
			productRefGroup = 163F3490281FBE3B00AE2125 /* Products */;
			projectDirPath = "";
			projectRoot = "";
			targets = (
				163F348E281FBE3B00AE2125 /* GoogleMapDemo */,
			);
		};
/* End PBXProject section */

/* Begin PBXResourcesBuildPhase section */
		163F348D281FBE3B00AE2125 /* Resources */ = {
			isa = PBXResourcesBuildPhase;
			buildActionMask = 2147483647;
			files = (
				163F349A281FBE3D00AE2125 /* Preview Assets.xcassets in Resources */,
				163F3497281FBE3D00AE2125 /* Assets.xcassets in Resources */,
			);
			runOnlyForDeploymentPostprocessing = 0;
		};
/* End PBXResourcesBuildPhase section */

/* Begin PBXShellScriptBuildPhase section */
		162ED450282129AA0091AA10 /* ShellScript */ = {
			isa = PBXShellScriptBuildPhase;
			buildActionMask = 2147483647;
			files = (
			);
			inputFileListPaths = (
			);
			inputPaths = (
			);
			outputFileListPaths = (
			);
			outputPaths = (
			);
			runOnlyForDeploymentPostprocessing = 0;
			shellPath = /bin/sh;
			shellScript = "# Type a script or drag a script file from your workspace to insert its path.\n\"${SRCROOT}/buildEnv.sh\" \"${SRCROOT}/.env\" \"${SRCROOT}/${PROJECT}\"\n";
		};
		8300C8FC5393017D9A4DB8B8 /* [CP] Check Pods Manifest.lock */ = {
			isa = PBXShellScriptBuildPhase;
			buildActionMask = 2147483647;
			files = (
			);
			inputFileListPaths = (
			);
			inputPaths = (
				"${PODS_PODFILE_DIR_PATH}/Podfile.lock",
				"${PODS_ROOT}/Manifest.lock",
			);
			name = "[CP] Check Pods Manifest.lock";
			outputFileListPaths = (
			);
			outputPaths = (
				"$(DERIVED_FILE_DIR)/Pods-GoogleMapDemo-checkManifestLockResult.txt",
			);
			runOnlyForDeploymentPostprocessing = 0;
			shellPath = /bin/sh;
			shellScript = "diff \"${PODS_PODFILE_DIR_PATH}/Podfile.lock\" \"${PODS_ROOT}/Manifest.lock\" > /dev/null\nif [ $? != 0 ] ; then\n    # print error to STDERR\n    echo \"error: The sandbox is not in sync with the Podfile.lock. Run 'pod install' or update your CocoaPods installation.\" >&2\n    exit 1\nfi\n# This output is used by Xcode 'outputs' to avoid re-running this script phase.\necho \"SUCCESS\" > \"${SCRIPT_OUTPUT_FILE_0}\"\n";
			showEnvVarsInLog = 0;
		};
		B964ECE809FFC7650A188424 /* [CP] Copy Pods Resources */ = {
			isa = PBXShellScriptBuildPhase;
			buildActionMask = 2147483647;
			files = (
			);
			inputFileListPaths = (
				"${PODS_ROOT}/Target Support Files/Pods-GoogleMapDemo/Pods-GoogleMapDemo-resources-${CONFIGURATION}-input-files.xcfilelist",
			);
			name = "[CP] Copy Pods Resources";
			outputFileListPaths = (
				"${PODS_ROOT}/Target Support Files/Pods-GoogleMapDemo/Pods-GoogleMapDemo-resources-${CONFIGURATION}-output-files.xcfilelist",
			);
			runOnlyForDeploymentPostprocessing = 0;
			shellPath = /bin/sh;
			shellScript = "\"${PODS_ROOT}/Target Support Files/Pods-GoogleMapDemo/Pods-GoogleMapDemo-resources.sh\"\n";
			showEnvVarsInLog = 0;
		};
/* End PBXShellScriptBuildPhase section */

/* Begin PBXSourcesBuildPhase section */
		163F348B281FBE3B00AE2125 /* Sources */ = {
			isa = PBXSourcesBuildPhase;
			buildActionMask = 2147483647;
			files = (
				16FEFFEB281FCB0600B26837 /* AppDelegate.swift in Sources */,
				16FEFFED281FD19700B26837 /* MapView.swift in Sources */,
				163F3495281FBE3B00AE2125 /* ContentView.swift in Sources */,
				163F3493281FBE3B00AE2125 /* GoogleMapDemoApp.swift in Sources */,
				16B60C6C28212B4C00E4048F /* Environment.swift in Sources */,
			);
			runOnlyForDeploymentPostprocessing = 0;
		};
/* End PBXSourcesBuildPhase section */

/* Begin XCBuildConfiguration section */
		163F349B281FBE3D00AE2125 /* Debug */ = {
			isa = XCBuildConfiguration;
			buildSettings = {
				ALWAYS_SEARCH_USER_PATHS = NO;
				CLANG_ANALYZER_NONNULL = YES;
				CLANG_ANALYZER_NUMBER_OBJECT_CONVERSION = YES_AGGRESSIVE;
				CLANG_CXX_LANGUAGE_STANDARD = "gnu++17";
				CLANG_CXX_LIBRARY = "libc++";
				CLANG_ENABLE_MODULES = YES;
				CLANG_ENABLE_OBJC_ARC = YES;
				CLANG_ENABLE_OBJC_WEAK = YES;
				CLANG_WARN_BLOCK_CAPTURE_AUTORELEASING = YES;
				CLANG_WARN_BOOL_CONVERSION = YES;
				CLANG_WARN_COMMA = YES;
				CLANG_WARN_CONSTANT_CONVERSION = YES;
				CLANG_WARN_DEPRECATED_OBJC_IMPLEMENTATIONS = YES;
				CLANG_WARN_DIRECT_OBJC_ISA_USAGE = YES_ERROR;
				CLANG_WARN_DOCUMENTATION_COMMENTS = YES;
				CLANG_WARN_EMPTY_BODY = YES;
				CLANG_WARN_ENUM_CONVERSION = YES;
				CLANG_WARN_INFINITE_RECURSION = YES;
				CLANG_WARN_INT_CONVERSION = YES;
				CLANG_WARN_NON_LITERAL_NULL_CONVERSION = YES;
				CLANG_WARN_OBJC_IMPLICIT_RETAIN_SELF = YES;
				CLANG_WARN_OBJC_LITERAL_CONVERSION = YES;
				CLANG_WARN_OBJC_ROOT_CLASS = YES_ERROR;
				CLANG_WARN_QUOTED_INCLUDE_IN_FRAMEWORK_HEADER = YES;
				CLANG_WARN_RANGE_LOOP_ANALYSIS = YES;
				CLANG_WARN_STRICT_PROTOTYPES = YES;
				CLANG_WARN_SUSPICIOUS_MOVE = YES;
				CLANG_WARN_UNGUARDED_AVAILABILITY = YES_AGGRESSIVE;
				CLANG_WARN_UNREACHABLE_CODE = YES;
				CLANG_WARN__DUPLICATE_METHOD_MATCH = YES;
				COPY_PHASE_STRIP = NO;
				DEBUG_INFORMATION_FORMAT = dwarf;
				ENABLE_STRICT_OBJC_MSGSEND = YES;
				ENABLE_TESTABILITY = YES;
				GCC_C_LANGUAGE_STANDARD = gnu11;
				GCC_DYNAMIC_NO_PIC = NO;
				GCC_NO_COMMON_BLOCKS = YES;
				GCC_OPTIMIZATION_LEVEL = 0;
				GCC_PREPROCESSOR_DEFINITIONS = (
					"DEBUG=1",
					"$(inherited)",
				);
				GCC_WARN_64_TO_32_BIT_CONVERSION = YES;
				GCC_WARN_ABOUT_RETURN_TYPE = YES_ERROR;
				GCC_WARN_UNDECLARED_SELECTOR = YES;
				GCC_WARN_UNINITIALIZED_AUTOS = YES_AGGRESSIVE;
				GCC_WARN_UNUSED_FUNCTION = YES;
				GCC_WARN_UNUSED_VARIABLE = YES;
				IPHONEOS_DEPLOYMENT_TARGET = 15.0;
				MTL_ENABLE_DEBUG_INFO = INCLUDE_SOURCE;
				MTL_FAST_MATH = YES;
				ONLY_ACTIVE_ARCH = YES;
				SDKROOT = iphoneos;
				SWIFT_ACTIVE_COMPILATION_CONDITIONS = DEBUG;
				SWIFT_OPTIMIZATION_LEVEL = "-Onone";
			};
			name = Debug;
		};
		163F349C281FBE3D00AE2125 /* Release */ = {
			isa = XCBuildConfiguration;
			buildSettings = {
				ALWAYS_SEARCH_USER_PATHS = NO;
				CLANG_ANALYZER_NONNULL = YES;
				CLANG_ANALYZER_NUMBER_OBJECT_CONVERSION = YES_AGGRESSIVE;
				CLANG_CXX_LANGUAGE_STANDARD = "gnu++17";
				CLANG_CXX_LIBRARY = "libc++";
				CLANG_ENABLE_MODULES = YES;
				CLANG_ENABLE_OBJC_ARC = YES;
				CLANG_ENABLE_OBJC_WEAK = YES;
				CLANG_WARN_BLOCK_CAPTURE_AUTORELEASING = YES;
				CLANG_WARN_BOOL_CONVERSION = YES;
				CLANG_WARN_COMMA = YES;
				CLANG_WARN_CONSTANT_CONVERSION = YES;
				CLANG_WARN_DEPRECATED_OBJC_IMPLEMENTATIONS = YES;
				CLANG_WARN_DIRECT_OBJC_ISA_USAGE = YES_ERROR;
				CLANG_WARN_DOCUMENTATION_COMMENTS = YES;
				CLANG_WARN_EMPTY_BODY = YES;
				CLANG_WARN_ENUM_CONVERSION = YES;
				CLANG_WARN_INFINITE_RECURSION = YES;
				CLANG_WARN_INT_CONVERSION = YES;
				CLANG_WARN_NON_LITERAL_NULL_CONVERSION = YES;
				CLANG_WARN_OBJC_IMPLICIT_RETAIN_SELF = YES;
				CLANG_WARN_OBJC_LITERAL_CONVERSION = YES;
				CLANG_WARN_OBJC_ROOT_CLASS = YES_ERROR;
				CLANG_WARN_QUOTED_INCLUDE_IN_FRAMEWORK_HEADER = YES;
				CLANG_WARN_RANGE_LOOP_ANALYSIS = YES;
				CLANG_WARN_STRICT_PROTOTYPES = YES;
				CLANG_WARN_SUSPICIOUS_MOVE = YES;
				CLANG_WARN_UNGUARDED_AVAILABILITY = YES_AGGRESSIVE;
				CLANG_WARN_UNREACHABLE_CODE = YES;
				CLANG_WARN__DUPLICATE_METHOD_MATCH = YES;
				COPY_PHASE_STRIP = NO;
				DEBUG_INFORMATION_FORMAT = "dwarf-with-dsym";
				ENABLE_NS_ASSERTIONS = NO;
				ENABLE_STRICT_OBJC_MSGSEND = YES;
				GCC_C_LANGUAGE_STANDARD = gnu11;
				GCC_NO_COMMON_BLOCKS = YES;
				GCC_WARN_64_TO_32_BIT_CONVERSION = YES;
				GCC_WARN_ABOUT_RETURN_TYPE = YES_ERROR;
				GCC_WARN_UNDECLARED_SELECTOR = YES;
				GCC_WARN_UNINITIALIZED_AUTOS = YES_AGGRESSIVE;
				GCC_WARN_UNUSED_FUNCTION = YES;
				GCC_WARN_UNUSED_VARIABLE = YES;
				IPHONEOS_DEPLOYMENT_TARGET = 15.0;
				MTL_ENABLE_DEBUG_INFO = NO;
				MTL_FAST_MATH = YES;
				SDKROOT = iphoneos;
				SWIFT_COMPILATION_MODE = wholemodule;
				SWIFT_OPTIMIZATION_LEVEL = "-O";
				VALIDATE_PRODUCT = YES;
			};
			name = Release;
		};
		163F349E281FBE3D00AE2125 /* Debug */ = {
			isa = XCBuildConfiguration;
			baseConfigurationReference = 992EE424AFDAA72AFCAA6D8D /* Pods-GoogleMapDemo.debug.xcconfig */;
			buildSettings = {
				ASSETCATALOG_COMPILER_APPICON_NAME = AppIcon;
				ASSETCATALOG_COMPILER_GLOBAL_ACCENT_COLOR_NAME = AccentColor;
				CODE_SIGN_STYLE = Automatic;
				CURRENT_PROJECT_VERSION = 1;
				DEVELOPMENT_ASSET_PATHS = "\"GoogleMapDemo/Preview Content\"";
				DEVELOPMENT_TEAM = ZTT77FK5V4;
				ENABLE_PREVIEWS = YES;
				GENERATE_INFOPLIST_FILE = YES;
				INFOPLIST_KEY_UIApplicationSceneManifest_Generation = YES;
				INFOPLIST_KEY_UIApplicationSupportsIndirectInputEvents = YES;
				INFOPLIST_KEY_UILaunchScreen_Generation = YES;
				INFOPLIST_KEY_UISupportedInterfaceOrientations_iPad = "UIInterfaceOrientationPortrait UIInterfaceOrientationPortraitUpsideDown UIInterfaceOrientationLandscapeLeft UIInterfaceOrientationLandscapeRight";
				INFOPLIST_KEY_UISupportedInterfaceOrientations_iPhone = "UIInterfaceOrientationPortrait UIInterfaceOrientationLandscapeLeft UIInterfaceOrientationLandscapeRight";
				LD_RUNPATH_SEARCH_PATHS = (
					"$(inherited)",
					"@executable_path/Frameworks",
				);
				MARKETING_VERSION = 1.0;
				PRODUCT_BUNDLE_IDENTIFIER = myamaguchi.GoogleMapDemo;
				PRODUCT_NAME = "$(TARGET_NAME)";
				SWIFT_EMIT_LOC_STRINGS = YES;
				SWIFT_VERSION = 5.0;
				TARGETED_DEVICE_FAMILY = "1,2";
			};
			name = Debug;
		};
		163F349F281FBE3D00AE2125 /* Release */ = {
			isa = XCBuildConfiguration;
			baseConfigurationReference = 443089C7AE788AF4CD561650 /* Pods-GoogleMapDemo.release.xcconfig */;
			buildSettings = {
				ASSETCATALOG_COMPILER_APPICON_NAME = AppIcon;
				ASSETCATALOG_COMPILER_GLOBAL_ACCENT_COLOR_NAME = AccentColor;
				CODE_SIGN_STYLE = Automatic;
				CURRENT_PROJECT_VERSION = 1;
				DEVELOPMENT_ASSET_PATHS = "\"GoogleMapDemo/Preview Content\"";
				DEVELOPMENT_TEAM = ZTT77FK5V4;
				ENABLE_PREVIEWS = YES;
				GENERATE_INFOPLIST_FILE = YES;
				INFOPLIST_KEY_UIApplicationSceneManifest_Generation = YES;
				INFOPLIST_KEY_UIApplicationSupportsIndirectInputEvents = YES;
				INFOPLIST_KEY_UILaunchScreen_Generation = YES;
				INFOPLIST_KEY_UISupportedInterfaceOrientations_iPad = "UIInterfaceOrientationPortrait UIInterfaceOrientationPortraitUpsideDown UIInterfaceOrientationLandscapeLeft UIInterfaceOrientationLandscapeRight";
				INFOPLIST_KEY_UISupportedInterfaceOrientations_iPhone = "UIInterfaceOrientationPortrait UIInterfaceOrientationLandscapeLeft UIInterfaceOrientationLandscapeRight";
				LD_RUNPATH_SEARCH_PATHS = (
					"$(inherited)",
					"@executable_path/Frameworks",
				);
				MARKETING_VERSION = 1.0;
				PRODUCT_BUNDLE_IDENTIFIER = myamaguchi.GoogleMapDemo;
				PRODUCT_NAME = "$(TARGET_NAME)";
				SWIFT_EMIT_LOC_STRINGS = YES;
				SWIFT_VERSION = 5.0;
				TARGETED_DEVICE_FAMILY = "1,2";
			};
			name = Release;
		};
/* End XCBuildConfiguration section */

/* Begin XCConfigurationList section */
		163F348A281FBE3B00AE2125 /* Build configuration list for PBXProject "GoogleMapDemo" */ = {
			isa = XCConfigurationList;
			buildConfigurations = (
				163F349B281FBE3D00AE2125 /* Debug */,
				163F349C281FBE3D00AE2125 /* Release */,
			);
			defaultConfigurationIsVisible = 0;
			defaultConfigurationName = Release;
		};
		163F349D281FBE3D00AE2125 /* Build configuration list for PBXNativeTarget "GoogleMapDemo" */ = {
			isa = XCConfigurationList;
			buildConfigurations = (
				163F349E281FBE3D00AE2125 /* Debug */,
				163F349F281FBE3D00AE2125 /* Release */,
			);
			defaultConfigurationIsVisible = 0;
			defaultConfigurationName = Release;
		};
/* End XCConfigurationList section */
	};
	rootObject = 163F3487281FBE3B00AE2125 /* Project object */;
}
